
Microsoft Visual Studio Solution File, Format Version 12.00
# Visual Studio Version 16
VisualStudioVersion = 16.0.29728.190
MinimumVisualStudioVersion = 10.0.40219.1
Project("{FAE04EC0-301F-11D3-BF4B-00C04F79EFBC}") = "NfoDownloader", "AvCoverDownloader\NfoDownloader.csproj", "{874EA013-E55B-426F-9B88-AABA13B55037}"
EndProject
Global
	GlobalSection(SolutionConfigurationPlatforms) = preSolution
		Debug|Any CPU = Debug|Any CPU
		Release|Any CPU = Release|Any CPU
	EndGlobalSection
	GlobalSection(ProjectConfigurationPlatforms) = postSolution
		{874EA013-E55B-426F-9B88-AABA13B55037}.Debug|Any CPU.ActiveCfg = Debug|Any CPU
		{874EA013-E55B-426F-9B88-AABA13B55037}.Debug|Any CPU.Build.0 = Debug|Any CPU
		{874EA013-E55B-426F-9B88-AABA13B55037}.Release|Any CPU.ActiveCfg = Release|Any CPU
		{874EA013-E55B-426F-9B88-AABA13B55037}.Release|Any CPU.Build.0 = Release|Any CPU
	EndGlobalSection
	GlobalSection(SolutionProperties) = preSolution
		HideSolutionNode = FALSE
	EndGlobalSection
	GlobalSection(ExtensibilityGlobals) = postSolution
		SolutionGuid = {B50E03C6-D986-45EF-8987-F3995662A54A}
	EndGlobalSection
EndGlobal
